
Microsoft Visual Studio Solution File, Format Version 12.00
# Visual Studio Version 16
VisualStudioVersion = 16.0.29509.3
MinimumVisualStudioVersion = 10.0.40219.1
Project("{FAE04EC0-301F-11D3-BF4B-00C04F79EFBC}") = "CodeGenSample.Web", "CodeGenSample.Web\CodeGenSample.Web.csproj", "{0D6A8DFC-827B-4CB1-9417-C4226D23B82D}"
EndProject
Global
	GlobalSection(SolutionConfigurationPlatforms) = preSolution
		Debug|Any CPU = Debug|Any CPU
		Release|Any CPU = Release|Any CPU
	EndGlobalSection
	GlobalSection(ProjectConfigurationPlatforms) = postSolution
		{0D6A8DFC-827B-4CB1-9417-C4226D23B82D}.Debug|Any CPU.ActiveCfg = Debug|Any CPU
		{0D6A8DFC-827B-4CB1-9417-C4226D23B82D}.Debug|Any CPU.Build.0 = Debug|Any CPU
		{0D6A8DFC-827B-4CB1-9417-C4226D23B82D}.Release|Any CPU.ActiveCfg = Release|Any CPU
		{0D6A8DFC-827B-4CB1-9417-C4226D23B82D}.Release|Any CPU.Build.0 = Release|Any CPU
	EndGlobalSection
	GlobalSection(SolutionProperties) = preSolution
		HideSolutionNode = FALSE
	EndGlobalSection
	GlobalSection(ExtensibilityGlobals) = postSolution
		SolutionGuid = {C4D260CA-D739-4621-9CF5-9106D42CA01C}
	EndGlobalSection
EndGlobal
