
Microsoft Visual Studio Solution File, Format Version 12.00
# Visual Studio Version 16
VisualStudioVersion = 16.0.29509.3
MinimumVisualStudioVersion = 10.0.40219.1
Project("{9A19103F-16F7-4668-BE54-9A1E7A4F7556}") = "4.CodeGenSample.Web", "CodeGenSample.Web\4.CodeGenSample.Web.csproj", "{0D6A8DFC-827B-4CB1-9417-C4226D23B82D}"
EndProject
Project("{9A19103F-16F7-4668-BE54-9A1E7A4F7556}") = "1.CodeGenSample.Design", "CodeGenSample.Design\1.CodeGenSample.Design.csproj", "{FD54C810-8272-463C-BC08-61E03264D8EC}"
EndProject
Project("{9A19103F-16F7-4668-BE54-9A1E7A4F7556}") = "3.CodeGenSample.Design.App", "CodeGenSample.Design.App\3.CodeGenSample.Design.App.csproj", "{4FCD4F02-0D7D-4172-A0CE-015B2A7B7876}"
EndProject
Project("{9A19103F-16F7-4668-BE54-9A1E7A4F7556}") = "2.CodeGenSample.Design.Web", "CodeGenSample.Design.Web\2.CodeGenSample.Design.Web.csproj", "{2DC25AF4-73D4-461E-93CC-7827FFD7B47B}"
EndProject
Project("{2150E333-8FDC-42A3-9474-1A3956D46DE8}") = "(External Libraries)", "(External Libraries)", "{0F9E13EB-9064-48A6-8E22-A6AA83EB7814}"
	ProjectSection(SolutionItems) = preProject
		..\..\..\..\Repo-ExcelliMatrix\emFrameworkCore\emFrameworkCore.CodeGen\bin\Debug\net461\emFrameworkCore.CodeGen.dll = ..\..\..\..\Repo-ExcelliMatrix\emFrameworkCore\emFrameworkCore.CodeGen\bin\Debug\net461\emFrameworkCore.CodeGen.dll
		..\..\..\..\Repo-ExcelliMatrix\emFrameworkCore\emFrameworkCore.CodeGen\bin\Debug\net461\emFrameworkCore.CodeGen.pdb = ..\..\..\..\Repo-ExcelliMatrix\emFrameworkCore\emFrameworkCore.CodeGen\bin\Debug\net461\emFrameworkCore.CodeGen.pdb
		..\..\..\..\Repo-ExcelliMatrix\emFrameworkCore\emFrameworkCore.CodeGen\bin\Debug\net461\emFrameworkCore.Core.dll = ..\..\..\..\Repo-ExcelliMatrix\emFrameworkCore\emFrameworkCore.CodeGen\bin\Debug\net461\emFrameworkCore.Core.dll
		..\..\..\..\Repo-ExcelliMatrix\emFrameworkCore\emFrameworkCore.CodeGen\bin\Debug\net461\emFrameworkCore.Core.pdb = ..\..\..\..\Repo-ExcelliMatrix\emFrameworkCore\emFrameworkCore.CodeGen\bin\Debug\net461\emFrameworkCore.Core.pdb
		..\..\..\..\Repo-ExcelliMatrix\emFrameworkCore\emFrameworkCore.CodeGen\bin\Debug\net461\emFrameworkCore.Data.dll = ..\..\..\..\Repo-ExcelliMatrix\emFrameworkCore\emFrameworkCore.CodeGen\bin\Debug\net461\emFrameworkCore.Data.dll
		..\..\..\..\Repo-ExcelliMatrix\emFrameworkCore\emFrameworkCore.CodeGen\bin\Debug\net461\emFrameworkCore.Data.pdb = ..\..\..\..\Repo-ExcelliMatrix\emFrameworkCore\emFrameworkCore.CodeGen\bin\Debug\net461\emFrameworkCore.Data.pdb
		..\..\..\..\Repo-ExcelliMatrix\emFrameworkCore\emFrameworkCore.CodeGen\bin\Debug\net461\emFrameworkCore.Logger.dll = ..\..\..\..\Repo-ExcelliMatrix\emFrameworkCore\emFrameworkCore.CodeGen\bin\Debug\net461\emFrameworkCore.Logger.dll
		..\..\..\..\Repo-ExcelliMatrix\emFrameworkCore\emFrameworkCore.CodeGen\bin\Debug\net461\emFrameworkCore.Logger.pdb = ..\..\..\..\Repo-ExcelliMatrix\emFrameworkCore\emFrameworkCore.CodeGen\bin\Debug\net461\emFrameworkCore.Logger.pdb
		..\..\..\..\Repo-ExcelliMatrix\emFrameworkCore\emFrameworkCore.CodeGen\bin\Debug\net461\emFrameworkCore.Notification.dll = ..\..\..\..\Repo-ExcelliMatrix\emFrameworkCore\emFrameworkCore.CodeGen\bin\Debug\net461\emFrameworkCore.Notification.dll
		..\..\..\..\Repo-ExcelliMatrix\emFrameworkCore\emFrameworkCore.CodeGen\bin\Debug\net461\emFrameworkCore.Notification.pdb = ..\..\..\..\Repo-ExcelliMatrix\emFrameworkCore\emFrameworkCore.CodeGen\bin\Debug\net461\emFrameworkCore.Notification.pdb
		..\..\..\..\Repo-ExcelliMatrix\emFrameworkCore\emFrameworkCore.CodeGen\bin\Debug\net461\EnvDTE.dll = ..\..\..\..\Repo-ExcelliMatrix\emFrameworkCore\emFrameworkCore.CodeGen\bin\Debug\net461\EnvDTE.dll
		..\..\..\..\Repo-ExcelliMatrix\emFrameworkCore\emFrameworkCore.CodeGen\bin\Debug\net461\EnvDTE80.dll = ..\..\..\..\Repo-ExcelliMatrix\emFrameworkCore\emFrameworkCore.CodeGen\bin\Debug\net461\EnvDTE80.dll
		..\..\..\..\Repo-ExcelliMatrix\emFrameworkCore\emFrameworkCore.CodeGen\bin\Debug\net461\Microsoft.AspNetCore.Authentication.Abstractions.dll = ..\..\..\..\Repo-ExcelliMatrix\emFrameworkCore\emFrameworkCore.CodeGen\bin\Debug\net461\Microsoft.AspNetCore.Authentication.Abstractions.dll
		..\..\..\..\Repo-ExcelliMatrix\emFrameworkCore\emFrameworkCore.CodeGen\bin\Debug\net461\Microsoft.AspNetCore.Authentication.Core.dll = ..\..\..\..\Repo-ExcelliMatrix\emFrameworkCore\emFrameworkCore.CodeGen\bin\Debug\net461\Microsoft.AspNetCore.Authentication.Core.dll
		..\..\..\..\Repo-ExcelliMatrix\emFrameworkCore\emFrameworkCore.CodeGen\bin\Debug\net461\Microsoft.AspNetCore.Authorization.dll = ..\..\..\..\Repo-ExcelliMatrix\emFrameworkCore\emFrameworkCore.CodeGen\bin\Debug\net461\Microsoft.AspNetCore.Authorization.dll
		..\..\..\..\Repo-ExcelliMatrix\emFrameworkCore\emFrameworkCore.CodeGen\bin\Debug\net461\Microsoft.AspNetCore.Authorization.Policy.dll = ..\..\..\..\Repo-ExcelliMatrix\emFrameworkCore\emFrameworkCore.CodeGen\bin\Debug\net461\Microsoft.AspNetCore.Authorization.Policy.dll
		..\..\..\..\Repo-ExcelliMatrix\emFrameworkCore\emFrameworkCore.CodeGen\bin\Debug\net461\Microsoft.AspNetCore.Hosting.Abstractions.dll = ..\..\..\..\Repo-ExcelliMatrix\emFrameworkCore\emFrameworkCore.CodeGen\bin\Debug\net461\Microsoft.AspNetCore.Hosting.Abstractions.dll
		..\..\..\..\Repo-ExcelliMatrix\emFrameworkCore\emFrameworkCore.CodeGen\bin\Debug\net461\Microsoft.AspNetCore.Hosting.Server.Abstractions.dll = ..\..\..\..\Repo-ExcelliMatrix\emFrameworkCore\emFrameworkCore.CodeGen\bin\Debug\net461\Microsoft.AspNetCore.Hosting.Server.Abstractions.dll
		..\..\..\..\Repo-ExcelliMatrix\emFrameworkCore\emFrameworkCore.CodeGen\bin\Debug\net461\Microsoft.AspNetCore.Http.Abstractions.dll = ..\..\..\..\Repo-ExcelliMatrix\emFrameworkCore\emFrameworkCore.CodeGen\bin\Debug\net461\Microsoft.AspNetCore.Http.Abstractions.dll
		..\..\..\..\Repo-ExcelliMatrix\emFrameworkCore\emFrameworkCore.CodeGen\bin\Debug\net461\Microsoft.AspNetCore.Http.dll = ..\..\..\..\Repo-ExcelliMatrix\emFrameworkCore\emFrameworkCore.CodeGen\bin\Debug\net461\Microsoft.AspNetCore.Http.dll
		..\..\..\..\Repo-ExcelliMatrix\emFrameworkCore\emFrameworkCore.CodeGen\bin\Debug\net461\Microsoft.AspNetCore.Http.Extensions.dll = ..\..\..\..\Repo-ExcelliMatrix\emFrameworkCore\emFrameworkCore.CodeGen\bin\Debug\net461\Microsoft.AspNetCore.Http.Extensions.dll
		..\..\..\..\Repo-ExcelliMatrix\emFrameworkCore\emFrameworkCore.CodeGen\bin\Debug\net461\Microsoft.AspNetCore.Http.Features.dll = ..\..\..\..\Repo-ExcelliMatrix\emFrameworkCore\emFrameworkCore.CodeGen\bin\Debug\net461\Microsoft.AspNetCore.Http.Features.dll
		..\..\..\..\Repo-ExcelliMatrix\emFrameworkCore\emFrameworkCore.CodeGen\bin\Debug\net461\Microsoft.AspNetCore.Mvc.Abstractions.dll = ..\..\..\..\Repo-ExcelliMatrix\emFrameworkCore\emFrameworkCore.CodeGen\bin\Debug\net461\Microsoft.AspNetCore.Mvc.Abstractions.dll
		..\..\..\..\Repo-ExcelliMatrix\emFrameworkCore\emFrameworkCore.CodeGen\bin\Debug\net461\Microsoft.AspNetCore.Mvc.Core.dll = ..\..\..\..\Repo-ExcelliMatrix\emFrameworkCore\emFrameworkCore.CodeGen\bin\Debug\net461\Microsoft.AspNetCore.Mvc.Core.dll
		..\..\..\..\Repo-ExcelliMatrix\emFrameworkCore\emFrameworkCore.CodeGen\bin\Debug\net461\Microsoft.AspNetCore.ResponseCaching.Abstractions.dll = ..\..\..\..\Repo-ExcelliMatrix\emFrameworkCore\emFrameworkCore.CodeGen\bin\Debug\net461\Microsoft.AspNetCore.ResponseCaching.Abstractions.dll
		..\..\..\..\Repo-ExcelliMatrix\emFrameworkCore\emFrameworkCore.CodeGen\bin\Debug\net461\Microsoft.AspNetCore.Routing.Abstractions.dll = ..\..\..\..\Repo-ExcelliMatrix\emFrameworkCore\emFrameworkCore.CodeGen\bin\Debug\net461\Microsoft.AspNetCore.Routing.Abstractions.dll
		..\..\..\..\Repo-ExcelliMatrix\emFrameworkCore\emFrameworkCore.CodeGen\bin\Debug\net461\Microsoft.AspNetCore.Routing.dll = ..\..\..\..\Repo-ExcelliMatrix\emFrameworkCore\emFrameworkCore.CodeGen\bin\Debug\net461\Microsoft.AspNetCore.Routing.dll
		..\..\..\..\Repo-ExcelliMatrix\emFrameworkCore\emFrameworkCore.CodeGen\bin\Debug\net461\Microsoft.AspNetCore.WebUtilities.dll = ..\..\..\..\Repo-ExcelliMatrix\emFrameworkCore\emFrameworkCore.CodeGen\bin\Debug\net461\Microsoft.AspNetCore.WebUtilities.dll
		..\..\..\..\Repo-ExcelliMatrix\emFrameworkCore\emFrameworkCore.CodeGen\bin\Debug\net461\Microsoft.DotNet.PlatformAbstractions.dll = ..\..\..\..\Repo-ExcelliMatrix\emFrameworkCore\emFrameworkCore.CodeGen\bin\Debug\net461\Microsoft.DotNet.PlatformAbstractions.dll
		..\..\..\..\Repo-ExcelliMatrix\emFrameworkCore\emFrameworkCore.CodeGen\bin\Debug\net461\Microsoft.Extensions.Configuration.Abstractions.dll = ..\..\..\..\Repo-ExcelliMatrix\emFrameworkCore\emFrameworkCore.CodeGen\bin\Debug\net461\Microsoft.Extensions.Configuration.Abstractions.dll
		..\..\..\..\Repo-ExcelliMatrix\emFrameworkCore\emFrameworkCore.CodeGen\bin\Debug\net461\Microsoft.Extensions.Configuration.dll = ..\..\..\..\Repo-ExcelliMatrix\emFrameworkCore\emFrameworkCore.CodeGen\bin\Debug\net461\Microsoft.Extensions.Configuration.dll
		..\..\..\..\Repo-ExcelliMatrix\emFrameworkCore\emFrameworkCore.CodeGen\bin\Debug\net461\Microsoft.Extensions.Configuration.FileExtensions.dll = ..\..\..\..\Repo-ExcelliMatrix\emFrameworkCore\emFrameworkCore.CodeGen\bin\Debug\net461\Microsoft.Extensions.Configuration.FileExtensions.dll
		..\..\..\..\Repo-ExcelliMatrix\emFrameworkCore\emFrameworkCore.CodeGen\bin\Debug\net461\Microsoft.Extensions.Configuration.Json.dll = ..\..\..\..\Repo-ExcelliMatrix\emFrameworkCore\emFrameworkCore.CodeGen\bin\Debug\net461\Microsoft.Extensions.Configuration.Json.dll
		..\..\..\..\Repo-ExcelliMatrix\emFrameworkCore\emFrameworkCore.CodeGen\bin\Debug\net461\Microsoft.Extensions.DependencyInjection.Abstractions.dll = ..\..\..\..\Repo-ExcelliMatrix\emFrameworkCore\emFrameworkCore.CodeGen\bin\Debug\net461\Microsoft.Extensions.DependencyInjection.Abstractions.dll
		..\..\..\..\Repo-ExcelliMatrix\emFrameworkCore\emFrameworkCore.CodeGen\bin\Debug\net461\Microsoft.Extensions.DependencyInjection.dll = ..\..\..\..\Repo-ExcelliMatrix\emFrameworkCore\emFrameworkCore.CodeGen\bin\Debug\net461\Microsoft.Extensions.DependencyInjection.dll
		..\..\..\..\Repo-ExcelliMatrix\emFrameworkCore\emFrameworkCore.CodeGen\bin\Debug\net461\Microsoft.Extensions.DependencyModel.dll = ..\..\..\..\Repo-ExcelliMatrix\emFrameworkCore\emFrameworkCore.CodeGen\bin\Debug\net461\Microsoft.Extensions.DependencyModel.dll
		..\..\..\..\Repo-ExcelliMatrix\emFrameworkCore\emFrameworkCore.CodeGen\bin\Debug\net461\Microsoft.Extensions.FileProviders.Abstractions.dll = ..\..\..\..\Repo-ExcelliMatrix\emFrameworkCore\emFrameworkCore.CodeGen\bin\Debug\net461\Microsoft.Extensions.FileProviders.Abstractions.dll
		..\..\..\..\Repo-ExcelliMatrix\emFrameworkCore\emFrameworkCore.CodeGen\bin\Debug\net461\Microsoft.Extensions.FileProviders.Physical.dll = ..\..\..\..\Repo-ExcelliMatrix\emFrameworkCore\emFrameworkCore.CodeGen\bin\Debug\net461\Microsoft.Extensions.FileProviders.Physical.dll
		..\..\..\..\Repo-ExcelliMatrix\emFrameworkCore\emFrameworkCore.CodeGen\bin\Debug\net461\Microsoft.Extensions.FileSystemGlobbing.dll = ..\..\..\..\Repo-ExcelliMatrix\emFrameworkCore\emFrameworkCore.CodeGen\bin\Debug\net461\Microsoft.Extensions.FileSystemGlobbing.dll
		..\..\..\..\Repo-ExcelliMatrix\emFrameworkCore\emFrameworkCore.CodeGen\bin\Debug\net461\Microsoft.Extensions.Hosting.Abstractions.dll = ..\..\..\..\Repo-ExcelliMatrix\emFrameworkCore\emFrameworkCore.CodeGen\bin\Debug\net461\Microsoft.Extensions.Hosting.Abstractions.dll
		..\..\..\..\Repo-ExcelliMatrix\emFrameworkCore\emFrameworkCore.CodeGen\bin\Debug\net461\Microsoft.Extensions.Logging.Abstractions.dll = ..\..\..\..\Repo-ExcelliMatrix\emFrameworkCore\emFrameworkCore.CodeGen\bin\Debug\net461\Microsoft.Extensions.Logging.Abstractions.dll
		..\..\..\..\Repo-ExcelliMatrix\emFrameworkCore\emFrameworkCore.CodeGen\bin\Debug\net461\Microsoft.Extensions.ObjectPool.dll = ..\..\..\..\Repo-ExcelliMatrix\emFrameworkCore\emFrameworkCore.CodeGen\bin\Debug\net461\Microsoft.Extensions.ObjectPool.dll
		..\..\..\..\Repo-ExcelliMatrix\emFrameworkCore\emFrameworkCore.CodeGen\bin\Debug\net461\Microsoft.Extensions.Options.dll = ..\..\..\..\Repo-ExcelliMatrix\emFrameworkCore\emFrameworkCore.CodeGen\bin\Debug\net461\Microsoft.Extensions.Options.dll
		..\..\..\..\Repo-ExcelliMatrix\emFrameworkCore\emFrameworkCore.CodeGen\bin\Debug\net461\Microsoft.Extensions.Primitives.dll = ..\..\..\..\Repo-ExcelliMatrix\emFrameworkCore\emFrameworkCore.CodeGen\bin\Debug\net461\Microsoft.Extensions.Primitives.dll
		..\..\..\..\Repo-ExcelliMatrix\emFrameworkCore\emFrameworkCore.CodeGen\bin\Debug\net461\Microsoft.IdentityModel.Logging.dll = ..\..\..\..\Repo-ExcelliMatrix\emFrameworkCore\emFrameworkCore.CodeGen\bin\Debug\net461\Microsoft.IdentityModel.Logging.dll
		..\..\..\..\Repo-ExcelliMatrix\emFrameworkCore\emFrameworkCore.CodeGen\bin\Debug\net461\Microsoft.IdentityModel.Tokens.dll = ..\..\..\..\Repo-ExcelliMatrix\emFrameworkCore\emFrameworkCore.CodeGen\bin\Debug\net461\Microsoft.IdentityModel.Tokens.dll
		..\..\..\..\Repo-ExcelliMatrix\emFrameworkCore\emFrameworkCore.CodeGen\bin\Debug\net461\Microsoft.Net.Http.Headers.dll = ..\..\..\..\Repo-ExcelliMatrix\emFrameworkCore\emFrameworkCore.CodeGen\bin\Debug\net461\Microsoft.Net.Http.Headers.dll
		..\..\..\..\Repo-ExcelliMatrix\emFrameworkCore\emFrameworkCore.CodeGen\bin\Debug\net461\Microsoft.Web.Infrastructure.dll = ..\..\..\..\Repo-ExcelliMatrix\emFrameworkCore\emFrameworkCore.CodeGen\bin\Debug\net461\Microsoft.Web.Infrastructure.dll
		..\..\..\..\Repo-ExcelliMatrix\emFrameworkCore\emFrameworkCore.CodeGen\bin\Debug\net461\Microsoft.Win32.Primitives.dll = ..\..\..\..\Repo-ExcelliMatrix\emFrameworkCore\emFrameworkCore.CodeGen\bin\Debug\net461\Microsoft.Win32.Primitives.dll
		..\..\..\..\Repo-ExcelliMatrix\emFrameworkCore\emFrameworkCore.CodeGen\bin\Debug\net461\netstandard.dll = ..\..\..\..\Repo-ExcelliMatrix\emFrameworkCore\emFrameworkCore.CodeGen\bin\Debug\net461\netstandard.dll
		..\..\..\..\Repo-ExcelliMatrix\emFrameworkCore\emFrameworkCore.CodeGen\bin\Debug\net461\Newtonsoft.Json.dll = ..\..\..\..\Repo-ExcelliMatrix\emFrameworkCore\emFrameworkCore.CodeGen\bin\Debug\net461\Newtonsoft.Json.dll
		..\..\..\..\Repo-ExcelliMatrix\emFrameworkCore\emFrameworkCore.CodeGen\bin\Debug\net461\stdole.dll = ..\..\..\..\Repo-ExcelliMatrix\emFrameworkCore\emFrameworkCore.CodeGen\bin\Debug\net461\stdole.dll
		..\..\..\..\Repo-ExcelliMatrix\emFrameworkCore\emFrameworkCore.CodeGen\bin\Debug\net461\System.AppContext.dll = ..\..\..\..\Repo-ExcelliMatrix\emFrameworkCore\emFrameworkCore.CodeGen\bin\Debug\net461\System.AppContext.dll
		..\..\..\..\Repo-ExcelliMatrix\emFrameworkCore\emFrameworkCore.CodeGen\bin\Debug\net461\System.Buffers.dll = ..\..\..\..\Repo-ExcelliMatrix\emFrameworkCore\emFrameworkCore.CodeGen\bin\Debug\net461\System.Buffers.dll
		..\..\..\..\Repo-ExcelliMatrix\emFrameworkCore\emFrameworkCore.CodeGen\bin\Debug\net461\System.Collections.Concurrent.dll = ..\..\..\..\Repo-ExcelliMatrix\emFrameworkCore\emFrameworkCore.CodeGen\bin\Debug\net461\System.Collections.Concurrent.dll
		..\..\..\..\Repo-ExcelliMatrix\emFrameworkCore\emFrameworkCore.CodeGen\bin\Debug\net461\System.Collections.dll = ..\..\..\..\Repo-ExcelliMatrix\emFrameworkCore\emFrameworkCore.CodeGen\bin\Debug\net461\System.Collections.dll
		..\..\..\..\Repo-ExcelliMatrix\emFrameworkCore\emFrameworkCore.CodeGen\bin\Debug\net461\System.Collections.NonGeneric.dll = ..\..\..\..\Repo-ExcelliMatrix\emFrameworkCore\emFrameworkCore.CodeGen\bin\Debug\net461\System.Collections.NonGeneric.dll
		..\..\..\..\Repo-ExcelliMatrix\emFrameworkCore\emFrameworkCore.CodeGen\bin\Debug\net461\System.Collections.Specialized.dll = ..\..\..\..\Repo-ExcelliMatrix\emFrameworkCore\emFrameworkCore.CodeGen\bin\Debug\net461\System.Collections.Specialized.dll
		..\..\..\..\Repo-ExcelliMatrix\emFrameworkCore\emFrameworkCore.CodeGen\bin\Debug\net461\System.ComponentModel.Annotations.dll = ..\..\..\..\Repo-ExcelliMatrix\emFrameworkCore\emFrameworkCore.CodeGen\bin\Debug\net461\System.ComponentModel.Annotations.dll
		..\..\..\..\Repo-ExcelliMatrix\emFrameworkCore\emFrameworkCore.CodeGen\bin\Debug\net461\System.ComponentModel.dll = ..\..\..\..\Repo-ExcelliMatrix\emFrameworkCore\emFrameworkCore.CodeGen\bin\Debug\net461\System.ComponentModel.dll
		..\..\..\..\Repo-ExcelliMatrix\emFrameworkCore\emFrameworkCore.CodeGen\bin\Debug\net461\System.ComponentModel.EventBasedAsync.dll = ..\..\..\..\Repo-ExcelliMatrix\emFrameworkCore\emFrameworkCore.CodeGen\bin\Debug\net461\System.ComponentModel.EventBasedAsync.dll
		..\..\..\..\Repo-ExcelliMatrix\emFrameworkCore\emFrameworkCore.CodeGen\bin\Debug\net461\System.ComponentModel.Primitives.dll = ..\..\..\..\Repo-ExcelliMatrix\emFrameworkCore\emFrameworkCore.CodeGen\bin\Debug\net461\System.ComponentModel.Primitives.dll
		..\..\..\..\Repo-ExcelliMatrix\emFrameworkCore\emFrameworkCore.CodeGen\bin\Debug\net461\System.ComponentModel.TypeConverter.dll = ..\..\..\..\Repo-ExcelliMatrix\emFrameworkCore\emFrameworkCore.CodeGen\bin\Debug\net461\System.ComponentModel.TypeConverter.dll
		..\..\..\..\Repo-ExcelliMatrix\emFrameworkCore\emFrameworkCore.CodeGen\bin\Debug\net461\System.Configuration.ConfigurationManager.dll = ..\..\..\..\Repo-ExcelliMatrix\emFrameworkCore\emFrameworkCore.CodeGen\bin\Debug\net461\System.Configuration.ConfigurationManager.dll
		..\..\..\..\Repo-ExcelliMatrix\emFrameworkCore\emFrameworkCore.CodeGen\bin\Debug\net461\System.Console.dll = ..\..\..\..\Repo-ExcelliMatrix\emFrameworkCore\emFrameworkCore.CodeGen\bin\Debug\net461\System.Console.dll
		..\..\..\..\Repo-ExcelliMatrix\emFrameworkCore\emFrameworkCore.CodeGen\bin\Debug\net461\System.Data.Common.dll = ..\..\..\..\Repo-ExcelliMatrix\emFrameworkCore\emFrameworkCore.CodeGen\bin\Debug\net461\System.Data.Common.dll
		..\..\..\..\Repo-ExcelliMatrix\emFrameworkCore\emFrameworkCore.CodeGen\bin\Debug\net461\System.Data.SqlClient.dll = ..\..\..\..\Repo-ExcelliMatrix\emFrameworkCore\emFrameworkCore.CodeGen\bin\Debug\net461\System.Data.SqlClient.dll
		..\..\..\..\Repo-ExcelliMatrix\emFrameworkCore\emFrameworkCore.CodeGen\bin\Debug\net461\System.Diagnostics.Contracts.dll = ..\..\..\..\Repo-ExcelliMatrix\emFrameworkCore\emFrameworkCore.CodeGen\bin\Debug\net461\System.Diagnostics.Contracts.dll
		..\..\..\..\Repo-ExcelliMatrix\emFrameworkCore\emFrameworkCore.CodeGen\bin\Debug\net461\System.Diagnostics.Debug.dll = ..\..\..\..\Repo-ExcelliMatrix\emFrameworkCore\emFrameworkCore.CodeGen\bin\Debug\net461\System.Diagnostics.Debug.dll
		..\..\..\..\Repo-ExcelliMatrix\emFrameworkCore\emFrameworkCore.CodeGen\bin\Debug\net461\System.Diagnostics.DiagnosticSource.dll = ..\..\..\..\Repo-ExcelliMatrix\emFrameworkCore\emFrameworkCore.CodeGen\bin\Debug\net461\System.Diagnostics.DiagnosticSource.dll
		..\..\..\..\Repo-ExcelliMatrix\emFrameworkCore\emFrameworkCore.CodeGen\bin\Debug\net461\System.Diagnostics.EventLog.dll = ..\..\..\..\Repo-ExcelliMatrix\emFrameworkCore\emFrameworkCore.CodeGen\bin\Debug\net461\System.Diagnostics.EventLog.dll
		..\..\..\..\Repo-ExcelliMatrix\emFrameworkCore\emFrameworkCore.CodeGen\bin\Debug\net461\System.Diagnostics.FileVersionInfo.dll = ..\..\..\..\Repo-ExcelliMatrix\emFrameworkCore\emFrameworkCore.CodeGen\bin\Debug\net461\System.Diagnostics.FileVersionInfo.dll
		..\..\..\..\Repo-ExcelliMatrix\emFrameworkCore\emFrameworkCore.CodeGen\bin\Debug\net461\System.Diagnostics.Process.dll = ..\..\..\..\Repo-ExcelliMatrix\emFrameworkCore\emFrameworkCore.CodeGen\bin\Debug\net461\System.Diagnostics.Process.dll
		..\..\..\..\Repo-ExcelliMatrix\emFrameworkCore\emFrameworkCore.CodeGen\bin\Debug\net461\System.Diagnostics.StackTrace.dll = ..\..\..\..\Repo-ExcelliMatrix\emFrameworkCore\emFrameworkCore.CodeGen\bin\Debug\net461\System.Diagnostics.StackTrace.dll
		..\..\..\..\Repo-ExcelliMatrix\emFrameworkCore\emFrameworkCore.CodeGen\bin\Debug\net461\System.Diagnostics.TextWriterTraceListener.dll = ..\..\..\..\Repo-ExcelliMatrix\emFrameworkCore\emFrameworkCore.CodeGen\bin\Debug\net461\System.Diagnostics.TextWriterTraceListener.dll
		..\..\..\..\Repo-ExcelliMatrix\emFrameworkCore\emFrameworkCore.CodeGen\bin\Debug\net461\System.Diagnostics.Tools.dll = ..\..\..\..\Repo-ExcelliMatrix\emFrameworkCore\emFrameworkCore.CodeGen\bin\Debug\net461\System.Diagnostics.Tools.dll
		..\..\..\..\Repo-ExcelliMatrix\emFrameworkCore\emFrameworkCore.CodeGen\bin\Debug\net461\System.Diagnostics.TraceSource.dll = ..\..\..\..\Repo-ExcelliMatrix\emFrameworkCore\emFrameworkCore.CodeGen\bin\Debug\net461\System.Diagnostics.TraceSource.dll
		..\..\..\..\Repo-ExcelliMatrix\emFrameworkCore\emFrameworkCore.CodeGen\bin\Debug\net461\System.Diagnostics.Tracing.dll = ..\..\..\..\Repo-ExcelliMatrix\emFrameworkCore\emFrameworkCore.CodeGen\bin\Debug\net461\System.Diagnostics.Tracing.dll
		..\..\..\..\Repo-ExcelliMatrix\emFrameworkCore\emFrameworkCore.CodeGen\bin\Debug\net461\System.Drawing.Primitives.dll = ..\..\..\..\Repo-ExcelliMatrix\emFrameworkCore\emFrameworkCore.CodeGen\bin\Debug\net461\System.Drawing.Primitives.dll
		..\..\..\..\Repo-ExcelliMatrix\emFrameworkCore\emFrameworkCore.CodeGen\bin\Debug\net461\System.Dynamic.Runtime.dll = ..\..\..\..\Repo-ExcelliMatrix\emFrameworkCore\emFrameworkCore.CodeGen\bin\Debug\net461\System.Dynamic.Runtime.dll
		..\..\..\..\Repo-ExcelliMatrix\emFrameworkCore\emFrameworkCore.CodeGen\bin\Debug\net461\System.Globalization.Calendars.dll = ..\..\..\..\Repo-ExcelliMatrix\emFrameworkCore\emFrameworkCore.CodeGen\bin\Debug\net461\System.Globalization.Calendars.dll
		..\..\..\..\Repo-ExcelliMatrix\emFrameworkCore\emFrameworkCore.CodeGen\bin\Debug\net461\System.Globalization.dll = ..\..\..\..\Repo-ExcelliMatrix\emFrameworkCore\emFrameworkCore.CodeGen\bin\Debug\net461\System.Globalization.dll
		..\..\..\..\Repo-ExcelliMatrix\emFrameworkCore\emFrameworkCore.CodeGen\bin\Debug\net461\System.Globalization.Extensions.dll = ..\..\..\..\Repo-ExcelliMatrix\emFrameworkCore\emFrameworkCore.CodeGen\bin\Debug\net461\System.Globalization.Extensions.dll
		..\..\..\..\Repo-ExcelliMatrix\emFrameworkCore\emFrameworkCore.CodeGen\bin\Debug\net461\System.IdentityModel.Tokens.Jwt.dll = ..\..\..\..\Repo-ExcelliMatrix\emFrameworkCore\emFrameworkCore.CodeGen\bin\Debug\net461\System.IdentityModel.Tokens.Jwt.dll
		..\..\..\..\Repo-ExcelliMatrix\emFrameworkCore\emFrameworkCore.CodeGen\bin\Debug\net461\System.IO.Compression.dll = ..\..\..\..\Repo-ExcelliMatrix\emFrameworkCore\emFrameworkCore.CodeGen\bin\Debug\net461\System.IO.Compression.dll
		..\..\..\..\Repo-ExcelliMatrix\emFrameworkCore\emFrameworkCore.CodeGen\bin\Debug\net461\System.IO.Compression.ZipFile.dll = ..\..\..\..\Repo-ExcelliMatrix\emFrameworkCore\emFrameworkCore.CodeGen\bin\Debug\net461\System.IO.Compression.ZipFile.dll
		..\..\..\..\Repo-ExcelliMatrix\emFrameworkCore\emFrameworkCore.CodeGen\bin\Debug\net461\System.IO.dll = ..\..\..\..\Repo-ExcelliMatrix\emFrameworkCore\emFrameworkCore.CodeGen\bin\Debug\net461\System.IO.dll
		..\..\..\..\Repo-ExcelliMatrix\emFrameworkCore\emFrameworkCore.CodeGen\bin\Debug\net461\System.IO.FileSystem.dll = ..\..\..\..\Repo-ExcelliMatrix\emFrameworkCore\emFrameworkCore.CodeGen\bin\Debug\net461\System.IO.FileSystem.dll
		..\..\..\..\Repo-ExcelliMatrix\emFrameworkCore\emFrameworkCore.CodeGen\bin\Debug\net461\System.IO.FileSystem.DriveInfo.dll = ..\..\..\..\Repo-ExcelliMatrix\emFrameworkCore\emFrameworkCore.CodeGen\bin\Debug\net461\System.IO.FileSystem.DriveInfo.dll
		..\..\..\..\Repo-ExcelliMatrix\emFrameworkCore\emFrameworkCore.CodeGen\bin\Debug\net461\System.IO.FileSystem.Primitives.dll = ..\..\..\..\Repo-ExcelliMatrix\emFrameworkCore\emFrameworkCore.CodeGen\bin\Debug\net461\System.IO.FileSystem.Primitives.dll
		..\..\..\..\Repo-ExcelliMatrix\emFrameworkCore\emFrameworkCore.CodeGen\bin\Debug\net461\System.IO.FileSystem.Watcher.dll = ..\..\..\..\Repo-ExcelliMatrix\emFrameworkCore\emFrameworkCore.CodeGen\bin\Debug\net461\System.IO.FileSystem.Watcher.dll
		..\..\..\..\Repo-ExcelliMatrix\emFrameworkCore\emFrameworkCore.CodeGen\bin\Debug\net461\System.IO.IsolatedStorage.dll = ..\..\..\..\Repo-ExcelliMatrix\emFrameworkCore\emFrameworkCore.CodeGen\bin\Debug\net461\System.IO.IsolatedStorage.dll
		..\..\..\..\Repo-ExcelliMatrix\emFrameworkCore\emFrameworkCore.CodeGen\bin\Debug\net461\System.IO.MemoryMappedFiles.dll = ..\..\..\..\Repo-ExcelliMatrix\emFrameworkCore\emFrameworkCore.CodeGen\bin\Debug\net461\System.IO.MemoryMappedFiles.dll
		..\..\..\..\Repo-ExcelliMatrix\emFrameworkCore\emFrameworkCore.CodeGen\bin\Debug\net461\System.IO.Pipes.dll = ..\..\..\..\Repo-ExcelliMatrix\emFrameworkCore\emFrameworkCore.CodeGen\bin\Debug\net461\System.IO.Pipes.dll
		..\..\..\..\Repo-ExcelliMatrix\emFrameworkCore\emFrameworkCore.CodeGen\bin\Debug\net461\System.IO.UnmanagedMemoryStream.dll = ..\..\..\..\Repo-ExcelliMatrix\emFrameworkCore\emFrameworkCore.CodeGen\bin\Debug\net461\System.IO.UnmanagedMemoryStream.dll
		..\..\..\..\Repo-ExcelliMatrix\emFrameworkCore\emFrameworkCore.CodeGen\bin\Debug\net461\System.Linq.dll = ..\..\..\..\Repo-ExcelliMatrix\emFrameworkCore\emFrameworkCore.CodeGen\bin\Debug\net461\System.Linq.dll
		..\..\..\..\Repo-ExcelliMatrix\emFrameworkCore\emFrameworkCore.CodeGen\bin\Debug\net461\System.Linq.Expressions.dll = ..\..\..\..\Repo-ExcelliMatrix\emFrameworkCore\emFrameworkCore.CodeGen\bin\Debug\net461\System.Linq.Expressions.dll
		..\..\..\..\Repo-ExcelliMatrix\emFrameworkCore\emFrameworkCore.CodeGen\bin\Debug\net461\System.Linq.Parallel.dll = ..\..\..\..\Repo-ExcelliMatrix\emFrameworkCore\emFrameworkCore.CodeGen\bin\Debug\net461\System.Linq.Parallel.dll
		..\..\..\..\Repo-ExcelliMatrix\emFrameworkCore\emFrameworkCore.CodeGen\bin\Debug\net461\System.Linq.Queryable.dll = ..\..\..\..\Repo-ExcelliMatrix\emFrameworkCore\emFrameworkCore.CodeGen\bin\Debug\net461\System.Linq.Queryable.dll
		..\..\..\..\Repo-ExcelliMatrix\emFrameworkCore\emFrameworkCore.CodeGen\bin\Debug\net461\System.Memory.dll = ..\..\..\..\Repo-ExcelliMatrix\emFrameworkCore\emFrameworkCore.CodeGen\bin\Debug\net461\System.Memory.dll
		..\..\..\..\Repo-ExcelliMatrix\emFrameworkCore\emFrameworkCore.CodeGen\bin\Debug\net461\System.Net.Http.dll = ..\..\..\..\Repo-ExcelliMatrix\emFrameworkCore\emFrameworkCore.CodeGen\bin\Debug\net461\System.Net.Http.dll
		..\..\..\..\Repo-ExcelliMatrix\emFrameworkCore\emFrameworkCore.CodeGen\bin\Debug\net461\System.Net.NameResolution.dll = ..\..\..\..\Repo-ExcelliMatrix\emFrameworkCore\emFrameworkCore.CodeGen\bin\Debug\net461\System.Net.NameResolution.dll
		..\..\..\..\Repo-ExcelliMatrix\emFrameworkCore\emFrameworkCore.CodeGen\bin\Debug\net461\System.Net.NetworkInformation.dll = ..\..\..\..\Repo-ExcelliMatrix\emFrameworkCore\emFrameworkCore.CodeGen\bin\Debug\net461\System.Net.NetworkInformation.dll
		..\..\..\..\Repo-ExcelliMatrix\emFrameworkCore\emFrameworkCore.CodeGen\bin\Debug\net461\System.Net.Ping.dll = ..\..\..\..\Repo-ExcelliMatrix\emFrameworkCore\emFrameworkCore.CodeGen\bin\Debug\net461\System.Net.Ping.dll
		..\..\..\..\Repo-ExcelliMatrix\emFrameworkCore\emFrameworkCore.CodeGen\bin\Debug\net461\System.Net.Primitives.dll = ..\..\..\..\Repo-ExcelliMatrix\emFrameworkCore\emFrameworkCore.CodeGen\bin\Debug\net461\System.Net.Primitives.dll
		..\..\..\..\Repo-ExcelliMatrix\emFrameworkCore\emFrameworkCore.CodeGen\bin\Debug\net461\System.Net.Requests.dll = ..\..\..\..\Repo-ExcelliMatrix\emFrameworkCore\emFrameworkCore.CodeGen\bin\Debug\net461\System.Net.Requests.dll
		..\..\..\..\Repo-ExcelliMatrix\emFrameworkCore\emFrameworkCore.CodeGen\bin\Debug\net461\System.Net.Security.dll = ..\..\..\..\Repo-ExcelliMatrix\emFrameworkCore\emFrameworkCore.CodeGen\bin\Debug\net461\System.Net.Security.dll
		..\..\..\..\Repo-ExcelliMatrix\emFrameworkCore\emFrameworkCore.CodeGen\bin\Debug\net461\System.Net.Sockets.dll = ..\..\..\..\Repo-ExcelliMatrix\emFrameworkCore\emFrameworkCore.CodeGen\bin\Debug\net461\System.Net.Sockets.dll
		..\..\..\..\Repo-ExcelliMatrix\emFrameworkCore\emFrameworkCore.CodeGen\bin\Debug\net461\System.Net.WebHeaderCollection.dll = ..\..\..\..\Repo-ExcelliMatrix\emFrameworkCore\emFrameworkCore.CodeGen\bin\Debug\net461\System.Net.WebHeaderCollection.dll
		..\..\..\..\Repo-ExcelliMatrix\emFrameworkCore\emFrameworkCore.CodeGen\bin\Debug\net461\System.Net.WebSockets.Client.dll = ..\..\..\..\Repo-ExcelliMatrix\emFrameworkCore\emFrameworkCore.CodeGen\bin\Debug\net461\System.Net.WebSockets.Client.dll
		..\..\..\..\Repo-ExcelliMatrix\emFrameworkCore\emFrameworkCore.CodeGen\bin\Debug\net461\System.Net.WebSockets.dll = ..\..\..\..\Repo-ExcelliMatrix\emFrameworkCore\emFrameworkCore.CodeGen\bin\Debug\net461\System.Net.WebSockets.dll
		..\..\..\..\Repo-ExcelliMatrix\emFrameworkCore\emFrameworkCore.CodeGen\bin\Debug\net461\System.Numerics.Vectors.dll = ..\..\..\..\Repo-ExcelliMatrix\emFrameworkCore\emFrameworkCore.CodeGen\bin\Debug\net461\System.Numerics.Vectors.dll
		..\..\..\..\Repo-ExcelliMatrix\emFrameworkCore\emFrameworkCore.CodeGen\bin\Debug\net461\System.ObjectModel.dll = ..\..\..\..\Repo-ExcelliMatrix\emFrameworkCore\emFrameworkCore.CodeGen\bin\Debug\net461\System.ObjectModel.dll
		..\..\..\..\Repo-ExcelliMatrix\emFrameworkCore\emFrameworkCore.CodeGen\bin\Debug\net461\System.Reflection.dll = ..\..\..\..\Repo-ExcelliMatrix\emFrameworkCore\emFrameworkCore.CodeGen\bin\Debug\net461\System.Reflection.dll
		..\..\..\..\Repo-ExcelliMatrix\emFrameworkCore\emFrameworkCore.CodeGen\bin\Debug\net461\System.Reflection.Extensions.dll = ..\..\..\..\Repo-ExcelliMatrix\emFrameworkCore\emFrameworkCore.CodeGen\bin\Debug\net461\System.Reflection.Extensions.dll
		..\..\..\..\Repo-ExcelliMatrix\emFrameworkCore\emFrameworkCore.CodeGen\bin\Debug\net461\System.Reflection.Primitives.dll = ..\..\..\..\Repo-ExcelliMatrix\emFrameworkCore\emFrameworkCore.CodeGen\bin\Debug\net461\System.Reflection.Primitives.dll
		..\..\..\..\Repo-ExcelliMatrix\emFrameworkCore\emFrameworkCore.CodeGen\bin\Debug\net461\System.Resources.Reader.dll = ..\..\..\..\Repo-ExcelliMatrix\emFrameworkCore\emFrameworkCore.CodeGen\bin\Debug\net461\System.Resources.Reader.dll
		..\..\..\..\Repo-ExcelliMatrix\emFrameworkCore\emFrameworkCore.CodeGen\bin\Debug\net461\System.Resources.ResourceManager.dll = ..\..\..\..\Repo-ExcelliMatrix\emFrameworkCore\emFrameworkCore.CodeGen\bin\Debug\net461\System.Resources.ResourceManager.dll
		..\..\..\..\Repo-ExcelliMatrix\emFrameworkCore\emFrameworkCore.CodeGen\bin\Debug\net461\System.Resources.Writer.dll = ..\..\..\..\Repo-ExcelliMatrix\emFrameworkCore\emFrameworkCore.CodeGen\bin\Debug\net461\System.Resources.Writer.dll
		..\..\..\..\Repo-ExcelliMatrix\emFrameworkCore\emFrameworkCore.CodeGen\bin\Debug\net461\System.Runtime.CompilerServices.Unsafe.dll = ..\..\..\..\Repo-ExcelliMatrix\emFrameworkCore\emFrameworkCore.CodeGen\bin\Debug\net461\System.Runtime.CompilerServices.Unsafe.dll
		..\..\..\..\Repo-ExcelliMatrix\emFrameworkCore\emFrameworkCore.CodeGen\bin\Debug\net461\System.Runtime.CompilerServices.VisualC.dll = ..\..\..\..\Repo-ExcelliMatrix\emFrameworkCore\emFrameworkCore.CodeGen\bin\Debug\net461\System.Runtime.CompilerServices.VisualC.dll
		..\..\..\..\Repo-ExcelliMatrix\emFrameworkCore\emFrameworkCore.CodeGen\bin\Debug\net461\System.Runtime.dll = ..\..\..\..\Repo-ExcelliMatrix\emFrameworkCore\emFrameworkCore.CodeGen\bin\Debug\net461\System.Runtime.dll
		..\..\..\..\Repo-ExcelliMatrix\emFrameworkCore\emFrameworkCore.CodeGen\bin\Debug\net461\System.Runtime.Extensions.dll = ..\..\..\..\Repo-ExcelliMatrix\emFrameworkCore\emFrameworkCore.CodeGen\bin\Debug\net461\System.Runtime.Extensions.dll
		..\..\..\..\Repo-ExcelliMatrix\emFrameworkCore\emFrameworkCore.CodeGen\bin\Debug\net461\System.Runtime.Handles.dll = ..\..\..\..\Repo-ExcelliMatrix\emFrameworkCore\emFrameworkCore.CodeGen\bin\Debug\net461\System.Runtime.Handles.dll
		..\..\..\..\Repo-ExcelliMatrix\emFrameworkCore\emFrameworkCore.CodeGen\bin\Debug\net461\System.Runtime.InteropServices.dll = ..\..\..\..\Repo-ExcelliMatrix\emFrameworkCore\emFrameworkCore.CodeGen\bin\Debug\net461\System.Runtime.InteropServices.dll
		..\..\..\..\Repo-ExcelliMatrix\emFrameworkCore\emFrameworkCore.CodeGen\bin\Debug\net461\System.Runtime.InteropServices.RuntimeInformation.dll = ..\..\..\..\Repo-ExcelliMatrix\emFrameworkCore\emFrameworkCore.CodeGen\bin\Debug\net461\System.Runtime.InteropServices.RuntimeInformation.dll
		..\..\..\..\Repo-ExcelliMatrix\emFrameworkCore\emFrameworkCore.CodeGen\bin\Debug\net461\System.Runtime.Numerics.dll = ..\..\..\..\Repo-ExcelliMatrix\emFrameworkCore\emFrameworkCore.CodeGen\bin\Debug\net461\System.Runtime.Numerics.dll
		..\..\..\..\Repo-ExcelliMatrix\emFrameworkCore\emFrameworkCore.CodeGen\bin\Debug\net461\System.Runtime.Serialization.Formatters.dll = ..\..\..\..\Repo-ExcelliMatrix\emFrameworkCore\emFrameworkCore.CodeGen\bin\Debug\net461\System.Runtime.Serialization.Formatters.dll
		..\..\..\..\Repo-ExcelliMatrix\emFrameworkCore\emFrameworkCore.CodeGen\bin\Debug\net461\System.Runtime.Serialization.Json.dll = ..\..\..\..\Repo-ExcelliMatrix\emFrameworkCore\emFrameworkCore.CodeGen\bin\Debug\net461\System.Runtime.Serialization.Json.dll
		..\..\..\..\Repo-ExcelliMatrix\emFrameworkCore\emFrameworkCore.CodeGen\bin\Debug\net461\System.Runtime.Serialization.Primitives.dll = ..\..\..\..\Repo-ExcelliMatrix\emFrameworkCore\emFrameworkCore.CodeGen\bin\Debug\net461\System.Runtime.Serialization.Primitives.dll
		..\..\..\..\Repo-ExcelliMatrix\emFrameworkCore\emFrameworkCore.CodeGen\bin\Debug\net461\System.Runtime.Serialization.Xml.dll = ..\..\..\..\Repo-ExcelliMatrix\emFrameworkCore\emFrameworkCore.CodeGen\bin\Debug\net461\System.Runtime.Serialization.Xml.dll
		..\..\..\..\Repo-ExcelliMatrix\emFrameworkCore\emFrameworkCore.CodeGen\bin\Debug\net461\System.Security.AccessControl.dll = ..\..\..\..\Repo-ExcelliMatrix\emFrameworkCore\emFrameworkCore.CodeGen\bin\Debug\net461\System.Security.AccessControl.dll
		..\..\..\..\Repo-ExcelliMatrix\emFrameworkCore\emFrameworkCore.CodeGen\bin\Debug\net461\System.Security.Claims.dll = ..\..\..\..\Repo-ExcelliMatrix\emFrameworkCore\emFrameworkCore.CodeGen\bin\Debug\net461\System.Security.Claims.dll
		..\..\..\..\Repo-ExcelliMatrix\emFrameworkCore\emFrameworkCore.CodeGen\bin\Debug\net461\System.Security.Cryptography.Algorithms.dll = ..\..\..\..\Repo-ExcelliMatrix\emFrameworkCore\emFrameworkCore.CodeGen\bin\Debug\net461\System.Security.Cryptography.Algorithms.dll
		..\..\..\..\Repo-ExcelliMatrix\emFrameworkCore\emFrameworkCore.CodeGen\bin\Debug\net461\System.Security.Cryptography.Csp.dll = ..\..\..\..\Repo-ExcelliMatrix\emFrameworkCore\emFrameworkCore.CodeGen\bin\Debug\net461\System.Security.Cryptography.Csp.dll
		..\..\..\..\Repo-ExcelliMatrix\emFrameworkCore\emFrameworkCore.CodeGen\bin\Debug\net461\System.Security.Cryptography.Encoding.dll = ..\..\..\..\Repo-ExcelliMatrix\emFrameworkCore\emFrameworkCore.CodeGen\bin\Debug\net461\System.Security.Cryptography.Encoding.dll
		..\..\..\..\Repo-ExcelliMatrix\emFrameworkCore\emFrameworkCore.CodeGen\bin\Debug\net461\System.Security.Cryptography.Primitives.dll = ..\..\..\..\Repo-ExcelliMatrix\emFrameworkCore\emFrameworkCore.CodeGen\bin\Debug\net461\System.Security.Cryptography.Primitives.dll
		..\..\..\..\Repo-ExcelliMatrix\emFrameworkCore\emFrameworkCore.CodeGen\bin\Debug\net461\System.Security.Cryptography.X509Certificates.dll = ..\..\..\..\Repo-ExcelliMatrix\emFrameworkCore\emFrameworkCore.CodeGen\bin\Debug\net461\System.Security.Cryptography.X509Certificates.dll
		..\..\..\..\Repo-ExcelliMatrix\emFrameworkCore\emFrameworkCore.CodeGen\bin\Debug\net461\System.Security.Permissions.dll = ..\..\..\..\Repo-ExcelliMatrix\emFrameworkCore\emFrameworkCore.CodeGen\bin\Debug\net461\System.Security.Permissions.dll
		..\..\..\..\Repo-ExcelliMatrix\emFrameworkCore\emFrameworkCore.CodeGen\bin\Debug\net461\System.Security.Principal.dll = ..\..\..\..\Repo-ExcelliMatrix\emFrameworkCore\emFrameworkCore.CodeGen\bin\Debug\net461\System.Security.Principal.dll
		..\..\..\..\Repo-ExcelliMatrix\emFrameworkCore\emFrameworkCore.CodeGen\bin\Debug\net461\System.Security.Principal.Windows.dll = ..\..\..\..\Repo-ExcelliMatrix\emFrameworkCore\emFrameworkCore.CodeGen\bin\Debug\net461\System.Security.Principal.Windows.dll
		..\..\..\..\Repo-ExcelliMatrix\emFrameworkCore\emFrameworkCore.CodeGen\bin\Debug\net461\System.Security.SecureString.dll = ..\..\..\..\Repo-ExcelliMatrix\emFrameworkCore\emFrameworkCore.CodeGen\bin\Debug\net461\System.Security.SecureString.dll
		..\..\..\..\Repo-ExcelliMatrix\emFrameworkCore\emFrameworkCore.CodeGen\bin\Debug\net461\System.Text.Encoding.dll = ..\..\..\..\Repo-ExcelliMatrix\emFrameworkCore\emFrameworkCore.CodeGen\bin\Debug\net461\System.Text.Encoding.dll
		..\..\..\..\Repo-ExcelliMatrix\emFrameworkCore\emFrameworkCore.CodeGen\bin\Debug\net461\System.Text.Encoding.Extensions.dll = ..\..\..\..\Repo-ExcelliMatrix\emFrameworkCore\emFrameworkCore.CodeGen\bin\Debug\net461\System.Text.Encoding.Extensions.dll
		..\..\..\..\Repo-ExcelliMatrix\emFrameworkCore\emFrameworkCore.CodeGen\bin\Debug\net461\System.Text.Encodings.Web.dll = ..\..\..\..\Repo-ExcelliMatrix\emFrameworkCore\emFrameworkCore.CodeGen\bin\Debug\net461\System.Text.Encodings.Web.dll
		..\..\..\..\Repo-ExcelliMatrix\emFrameworkCore\emFrameworkCore.CodeGen\bin\Debug\net461\System.Text.RegularExpressions.dll = ..\..\..\..\Repo-ExcelliMatrix\emFrameworkCore\emFrameworkCore.CodeGen\bin\Debug\net461\System.Text.RegularExpressions.dll
		..\..\..\..\Repo-ExcelliMatrix\emFrameworkCore\emFrameworkCore.CodeGen\bin\Debug\net461\System.Threading.dll = ..\..\..\..\Repo-ExcelliMatrix\emFrameworkCore\emFrameworkCore.CodeGen\bin\Debug\net461\System.Threading.dll
		..\..\..\..\Repo-ExcelliMatrix\emFrameworkCore\emFrameworkCore.CodeGen\bin\Debug\net461\System.Threading.Overlapped.dll = ..\..\..\..\Repo-ExcelliMatrix\emFrameworkCore\emFrameworkCore.CodeGen\bin\Debug\net461\System.Threading.Overlapped.dll
		..\..\..\..\Repo-ExcelliMatrix\emFrameworkCore\emFrameworkCore.CodeGen\bin\Debug\net461\System.Threading.Tasks.dll = ..\..\..\..\Repo-ExcelliMatrix\emFrameworkCore\emFrameworkCore.CodeGen\bin\Debug\net461\System.Threading.Tasks.dll
		..\..\..\..\Repo-ExcelliMatrix\emFrameworkCore\emFrameworkCore.CodeGen\bin\Debug\net461\System.Threading.Tasks.Extensions.dll = ..\..\..\..\Repo-ExcelliMatrix\emFrameworkCore\emFrameworkCore.CodeGen\bin\Debug\net461\System.Threading.Tasks.Extensions.dll
		..\..\..\..\Repo-ExcelliMatrix\emFrameworkCore\emFrameworkCore.CodeGen\bin\Debug\net461\System.Threading.Tasks.Parallel.dll = ..\..\..\..\Repo-ExcelliMatrix\emFrameworkCore\emFrameworkCore.CodeGen\bin\Debug\net461\System.Threading.Tasks.Parallel.dll
		..\..\..\..\Repo-ExcelliMatrix\emFrameworkCore\emFrameworkCore.CodeGen\bin\Debug\net461\System.Threading.Thread.dll = ..\..\..\..\Repo-ExcelliMatrix\emFrameworkCore\emFrameworkCore.CodeGen\bin\Debug\net461\System.Threading.Thread.dll
		..\..\..\..\Repo-ExcelliMatrix\emFrameworkCore\emFrameworkCore.CodeGen\bin\Debug\net461\System.Threading.ThreadPool.dll = ..\..\..\..\Repo-ExcelliMatrix\emFrameworkCore\emFrameworkCore.CodeGen\bin\Debug\net461\System.Threading.ThreadPool.dll
		..\..\..\..\Repo-ExcelliMatrix\emFrameworkCore\emFrameworkCore.CodeGen\bin\Debug\net461\System.Threading.Timer.dll = ..\..\..\..\Repo-ExcelliMatrix\emFrameworkCore\emFrameworkCore.CodeGen\bin\Debug\net461\System.Threading.Timer.dll
		..\..\..\..\Repo-ExcelliMatrix\emFrameworkCore\emFrameworkCore.CodeGen\bin\Debug\net461\System.ValueTuple.dll = ..\..\..\..\Repo-ExcelliMatrix\emFrameworkCore\emFrameworkCore.CodeGen\bin\Debug\net461\System.ValueTuple.dll
		..\..\..\..\Repo-ExcelliMatrix\emFrameworkCore\emFrameworkCore.CodeGen\bin\Debug\net461\System.Web.Helpers.dll = ..\..\..\..\Repo-ExcelliMatrix\emFrameworkCore\emFrameworkCore.CodeGen\bin\Debug\net461\System.Web.Helpers.dll
		..\..\..\..\Repo-ExcelliMatrix\emFrameworkCore\emFrameworkCore.CodeGen\bin\Debug\net461\System.Web.Mvc.dll = ..\..\..\..\Repo-ExcelliMatrix\emFrameworkCore\emFrameworkCore.CodeGen\bin\Debug\net461\System.Web.Mvc.dll
		..\..\..\..\Repo-ExcelliMatrix\emFrameworkCore\emFrameworkCore.CodeGen\bin\Debug\net461\System.Web.Razor.dll = ..\..\..\..\Repo-ExcelliMatrix\emFrameworkCore\emFrameworkCore.CodeGen\bin\Debug\net461\System.Web.Razor.dll
		..\..\..\..\Repo-ExcelliMatrix\emFrameworkCore\emFrameworkCore.CodeGen\bin\Debug\net461\System.Web.WebPages.Deployment.dll = ..\..\..\..\Repo-ExcelliMatrix\emFrameworkCore\emFrameworkCore.CodeGen\bin\Debug\net461\System.Web.WebPages.Deployment.dll
		..\..\..\..\Repo-ExcelliMatrix\emFrameworkCore\emFrameworkCore.CodeGen\bin\Debug\net461\System.Web.WebPages.dll = ..\..\..\..\Repo-ExcelliMatrix\emFrameworkCore\emFrameworkCore.CodeGen\bin\Debug\net461\System.Web.WebPages.dll
		..\..\..\..\Repo-ExcelliMatrix\emFrameworkCore\emFrameworkCore.CodeGen\bin\Debug\net461\System.Web.WebPages.Razor.dll = ..\..\..\..\Repo-ExcelliMatrix\emFrameworkCore\emFrameworkCore.CodeGen\bin\Debug\net461\System.Web.WebPages.Razor.dll
		..\..\..\..\Repo-ExcelliMatrix\emFrameworkCore\emFrameworkCore.CodeGen\bin\Debug\net461\System.Xml.ReaderWriter.dll = ..\..\..\..\Repo-ExcelliMatrix\emFrameworkCore\emFrameworkCore.CodeGen\bin\Debug\net461\System.Xml.ReaderWriter.dll
		..\..\..\..\Repo-ExcelliMatrix\emFrameworkCore\emFrameworkCore.CodeGen\bin\Debug\net461\System.Xml.XDocument.dll = ..\..\..\..\Repo-ExcelliMatrix\emFrameworkCore\emFrameworkCore.CodeGen\bin\Debug\net461\System.Xml.XDocument.dll
		..\..\..\..\Repo-ExcelliMatrix\emFrameworkCore\emFrameworkCore.CodeGen\bin\Debug\net461\System.Xml.XmlDocument.dll = ..\..\..\..\Repo-ExcelliMatrix\emFrameworkCore\emFrameworkCore.CodeGen\bin\Debug\net461\System.Xml.XmlDocument.dll
		..\..\..\..\Repo-ExcelliMatrix\emFrameworkCore\emFrameworkCore.CodeGen\bin\Debug\net461\System.Xml.XmlSerializer.dll = ..\..\..\..\Repo-ExcelliMatrix\emFrameworkCore\emFrameworkCore.CodeGen\bin\Debug\net461\System.Xml.XmlSerializer.dll
		..\..\..\..\Repo-ExcelliMatrix\emFrameworkCore\emFrameworkCore.CodeGen\bin\Debug\net461\System.Xml.XPath.dll = ..\..\..\..\Repo-ExcelliMatrix\emFrameworkCore\emFrameworkCore.CodeGen\bin\Debug\net461\System.Xml.XPath.dll
		..\..\..\..\Repo-ExcelliMatrix\emFrameworkCore\emFrameworkCore.CodeGen\bin\Debug\net461\System.Xml.XPath.XDocument.dll = ..\..\..\..\Repo-ExcelliMatrix\emFrameworkCore\emFrameworkCore.CodeGen\bin\Debug\net461\System.Xml.XPath.XDocument.dll
		..\..\..\..\Repo-ExcelliMatrix\emFrameworkCore\emFrameworkCore.CodeGen\bin\Debug\net461\Twilio.dll = ..\..\..\..\Repo-ExcelliMatrix\emFrameworkCore\emFrameworkCore.CodeGen\bin\Debug\net461\Twilio.dll
	EndProjectSection
EndProject
Project("{9A19103F-16F7-4668-BE54-9A1E7A4F7556}") = "5.CodeGenSample.App", "CodeGenSample.App\5.CodeGenSample.App.csproj", "{36BA2AA6-55A5-47B5-BB95-CE0583CC7142}"
EndProject
Global
	GlobalSection(SolutionConfigurationPlatforms) = preSolution
		Debug|Any CPU = Debug|Any CPU
		Release|Any CPU = Release|Any CPU
	EndGlobalSection
	GlobalSection(ProjectConfigurationPlatforms) = postSolution
		{0D6A8DFC-827B-4CB1-9417-C4226D23B82D}.Debug|Any CPU.ActiveCfg = Debug|Any CPU
		{0D6A8DFC-827B-4CB1-9417-C4226D23B82D}.Debug|Any CPU.Build.0 = Debug|Any CPU
		{0D6A8DFC-827B-4CB1-9417-C4226D23B82D}.Release|Any CPU.ActiveCfg = Release|Any CPU
		{0D6A8DFC-827B-4CB1-9417-C4226D23B82D}.Release|Any CPU.Build.0 = Release|Any CPU
		{FD54C810-8272-463C-BC08-61E03264D8EC}.Debug|Any CPU.ActiveCfg = Debug|Any CPU
		{FD54C810-8272-463C-BC08-61E03264D8EC}.Debug|Any CPU.Build.0 = Debug|Any CPU
		{FD54C810-8272-463C-BC08-61E03264D8EC}.Release|Any CPU.ActiveCfg = Release|Any CPU
		{FD54C810-8272-463C-BC08-61E03264D8EC}.Release|Any CPU.Build.0 = Release|Any CPU
		{4FCD4F02-0D7D-4172-A0CE-015B2A7B7876}.Debug|Any CPU.ActiveCfg = Debug|Any CPU
		{4FCD4F02-0D7D-4172-A0CE-015B2A7B7876}.Debug|Any CPU.Build.0 = Debug|Any CPU
		{4FCD4F02-0D7D-4172-A0CE-015B2A7B7876}.Release|Any CPU.ActiveCfg = Release|Any CPU
		{4FCD4F02-0D7D-4172-A0CE-015B2A7B7876}.Release|Any CPU.Build.0 = Release|Any CPU
		{2DC25AF4-73D4-461E-93CC-7827FFD7B47B}.Debug|Any CPU.ActiveCfg = Debug|Any CPU
		{2DC25AF4-73D4-461E-93CC-7827FFD7B47B}.Debug|Any CPU.Build.0 = Debug|Any CPU
		{2DC25AF4-73D4-461E-93CC-7827FFD7B47B}.Release|Any CPU.ActiveCfg = Release|Any CPU
		{2DC25AF4-73D4-461E-93CC-7827FFD7B47B}.Release|Any CPU.Build.0 = Release|Any CPU
		{36BA2AA6-55A5-47B5-BB95-CE0583CC7142}.Debug|Any CPU.ActiveCfg = Debug|Any CPU
		{36BA2AA6-55A5-47B5-BB95-CE0583CC7142}.Debug|Any CPU.Build.0 = Debug|Any CPU
		{36BA2AA6-55A5-47B5-BB95-CE0583CC7142}.Release|Any CPU.ActiveCfg = Release|Any CPU
		{36BA2AA6-55A5-47B5-BB95-CE0583CC7142}.Release|Any CPU.Build.0 = Release|Any CPU
	EndGlobalSection
	GlobalSection(SolutionProperties) = preSolution
		HideSolutionNode = FALSE
	EndGlobalSection
	GlobalSection(ExtensibilityGlobals) = postSolution
		SolutionGuid = {C4D260CA-D739-4621-9CF5-9106D42CA01C}
	EndGlobalSection
EndGlobal
